
Microsoft Visual Studio Solution File, Format Version 12.00
# Visual Studio Version 17
VisualStudioVersion = 17.7.34024.191
MinimumVisualStudioVersion = 10.0.40219.1
Project("{9A19103F-16F7-4668-BE54-9A1E7A4F7556}") = "FormulaAirlline.API", "FormulaAirlline.API\FormulaAirlline.API.csproj", "{5B2AAAA1-9444-4ADE-8AC7-81781B46CD34}"
EndProject
Project("{9A19103F-16F7-4668-BE54-9A1E7A4F7556}") = "FormulaAirline.TicketProcessing", "FormulaAirline.TicketProcessing\FormulaAirline.TicketProcessing.csproj", "{57323AC1-1DB7-432A-8AA6-28B2C2DCF2F3}"
EndProject
Project("{2150E333-8FDC-42A3-9474-1A3956D46DE8}") = "Solution Items", "Solution Items", "{5B2CB81E-F188-4747-A423-37D989B81D46}"
	ProjectSection(SolutionItems) = preProject
		docker-compose.yml = docker-compose.yml
	EndProjectSection
EndProject
Project("{2150E333-8FDC-42A3-9474-1A3956D46DE8}") = "1-HelloWorld", "1-HelloWorld", "{67947710-CF61-4CC6-A7B7-D42B3B23B3CC}"
EndProject
Project("{FAE04EC0-301F-11D3-BF4B-00C04F79EFBC}") = "Send", "Send\Send.csproj", "{028B70FB-5062-40FC-8E24-C6E6C0849227}"
EndProject
Project("{FAE04EC0-301F-11D3-BF4B-00C04F79EFBC}") = "Receive", "Receive\Receive.csproj", "{329A1A00-5D19-42F0-8418-615E85CD1E73}"
EndProject
Project("{2150E333-8FDC-42A3-9474-1A3956D46DE8}") = "2-WorkQueues", "2-WorkQueues", "{AB037ADE-16A4-42DE-859C-A96B3362C832}"
EndProject
Project("{FAE04EC0-301F-11D3-BF4B-00C04F79EFBC}") = "NewTask", "2-workqueues\NewTask\NewTask.csproj", "{442BFEDA-8264-44D8-89B1-0D1647C0E2EB}"
EndProject
Project("{FAE04EC0-301F-11D3-BF4B-00C04F79EFBC}") = "Worker", "2-workqueues\Worker\Worker.csproj", "{C13255E0-412B-4169-AB61-B6B69646CBB1}"
EndProject
Project("{2150E333-8FDC-42A3-9474-1A3956D46DE8}") = "3-Publish-Subscribe", "3-Publish-Subscribe", "{10A2C2E0-5DCB-4376-8051-A634A47EB4BB}"
EndProject
Project("{FAE04EC0-301F-11D3-BF4B-00C04F79EFBC}") = "EmitLog", "3-publish-subscribe\EmitLog\EmitLog.csproj", "{271C19E5-C039-4222-997A-1CD0E8A7D70A}"
EndProject
Project("{FAE04EC0-301F-11D3-BF4B-00C04F79EFBC}") = "ReceiveLogs", "3-publish-subscribe\ReceiveLogs\ReceiveLogs.csproj", "{EFE5E112-87CC-45B1-99F9-ED206023DCD4}"
EndProject
Project("{2150E333-8FDC-42A3-9474-1A3956D46DE8}") = "7-Publisher-Confirms", "7-Publisher-Confirms", "{757BBA12-EEE4-40FC-8999-1A6A7701C128}"
EndProject
Project("{FAE04EC0-301F-11D3-BF4B-00C04F79EFBC}") = "PublisherConfirms", "7-publisher-confirms\PublisherConfirms\PublisherConfirms.csproj", "{106ED13D-98BF-4B31-B91E-5938A33763DF}"
EndProject
Project("{FAE04EC0-301F-11D3-BF4B-00C04F79EFBC}") = "Consumer", "7-publisher-confirms\Consumer\Consumer.csproj", "{8F3012C5-AAEA-4012-842E-6DF0DE6CEF0D}"
EndProject
Project("{2150E333-8FDC-42A3-9474-1A3956D46DE8}") = "4-Routing", "4-Routing", "{3D980413-FCCA-4CD0-A408-8F08B93E54A9}"
EndProject
Project("{FAE04EC0-301F-11D3-BF4B-00C04F79EFBC}") = "EmitLogDirect", "4-routing\EmitLogDirect\EmitLogDirect.csproj", "{41D0BBFB-8FB7-4654-A364-648C9BD4F3F8}"
EndProject
Project("{FAE04EC0-301F-11D3-BF4B-00C04F79EFBC}") = "ReceiveLogsDirect", "4-routing\ReceiveLogsDirect\ReceiveLogsDirect.csproj", "{E94BD4DF-9FC3-43F0-8435-B808A3063316}"
EndProject
Project("{2150E333-8FDC-42A3-9474-1A3956D46DE8}") = "8-DeadLetter", "8-DeadLetter", "{5802D68C-9FCA-4B71-8596-0E80E999FF09}"
EndProject
Project("{FAE04EC0-301F-11D3-BF4B-00C04F79EFBC}") = "Producer", "8-deadletter\Producer\Producer.csproj", "{E4F5151A-A64E-4B97-9735-7962CB574F5F}"
EndProject
Project("{FAE04EC0-301F-11D3-BF4B-00C04F79EFBC}") = "Consumer", "8-deadletter\Consumer\Consumer.csproj", "{A5F59C95-C197-4ABC-B1C3-F4DC4EFBB458}"
EndProject
Project("{FAE04EC0-301F-11D3-BF4B-00C04F79EFBC}") = "Consumer-DeadLetter", "8-deadletter\Consumer-DeadLetter\Consumer-DeadLetter.csproj", "{C12ABB29-129C-4AA1-BF32-08ED2DAA671F}"
EndProject
Global
	GlobalSection(SolutionConfigurationPlatforms) = preSolution
		Debug|Any CPU = Debug|Any CPU
		Release|Any CPU = Release|Any CPU
	EndGlobalSection
	GlobalSection(ProjectConfigurationPlatforms) = postSolution
		{5B2AAAA1-9444-4ADE-8AC7-81781B46CD34}.Debug|Any CPU.ActiveCfg = Debug|Any CPU
		{5B2AAAA1-9444-4ADE-8AC7-81781B46CD34}.Debug|Any CPU.Build.0 = Debug|Any CPU
		{5B2AAAA1-9444-4ADE-8AC7-81781B46CD34}.Release|Any CPU.ActiveCfg = Release|Any CPU
		{5B2AAAA1-9444-4ADE-8AC7-81781B46CD34}.Release|Any CPU.Build.0 = Release|Any CPU
		{57323AC1-1DB7-432A-8AA6-28B2C2DCF2F3}.Debug|Any CPU.ActiveCfg = Debug|Any CPU
		{57323AC1-1DB7-432A-8AA6-28B2C2DCF2F3}.Debug|Any CPU.Build.0 = Debug|Any CPU
		{57323AC1-1DB7-432A-8AA6-28B2C2DCF2F3}.Release|Any CPU.ActiveCfg = Release|Any CPU
		{57323AC1-1DB7-432A-8AA6-28B2C2DCF2F3}.Release|Any CPU.Build.0 = Release|Any CPU
		{028B70FB-5062-40FC-8E24-C6E6C0849227}.Debug|Any CPU.ActiveCfg = Debug|Any CPU
		{028B70FB-5062-40FC-8E24-C6E6C0849227}.Debug|Any CPU.Build.0 = Debug|Any CPU
		{028B70FB-5062-40FC-8E24-C6E6C0849227}.Release|Any CPU.ActiveCfg = Release|Any CPU
		{028B70FB-5062-40FC-8E24-C6E6C0849227}.Release|Any CPU.Build.0 = Release|Any CPU
		{329A1A00-5D19-42F0-8418-615E85CD1E73}.Debug|Any CPU.ActiveCfg = Debug|Any CPU
		{329A1A00-5D19-42F0-8418-615E85CD1E73}.Debug|Any CPU.Build.0 = Debug|Any CPU
		{329A1A00-5D19-42F0-8418-615E85CD1E73}.Release|Any CPU.ActiveCfg = Release|Any CPU
		{329A1A00-5D19-42F0-8418-615E85CD1E73}.Release|Any CPU.Build.0 = Release|Any CPU
		{442BFEDA-8264-44D8-89B1-0D1647C0E2EB}.Debug|Any CPU.ActiveCfg = Debug|Any CPU
		{442BFEDA-8264-44D8-89B1-0D1647C0E2EB}.Debug|Any CPU.Build.0 = Debug|Any CPU
		{442BFEDA-8264-44D8-89B1-0D1647C0E2EB}.Release|Any CPU.ActiveCfg = Release|Any CPU
		{442BFEDA-8264-44D8-89B1-0D1647C0E2EB}.Release|Any CPU.Build.0 = Release|Any CPU
		{C13255E0-412B-4169-AB61-B6B69646CBB1}.Debug|Any CPU.ActiveCfg = Debug|Any CPU
		{C13255E0-412B-4169-AB61-B6B69646CBB1}.Debug|Any CPU.Build.0 = Debug|Any CPU
		{C13255E0-412B-4169-AB61-B6B69646CBB1}.Release|Any CPU.ActiveCfg = Release|Any CPU
		{C13255E0-412B-4169-AB61-B6B69646CBB1}.Release|Any CPU.Build.0 = Release|Any CPU
		{271C19E5-C039-4222-997A-1CD0E8A7D70A}.Debug|Any CPU.ActiveCfg = Debug|Any CPU
		{271C19E5-C039-4222-997A-1CD0E8A7D70A}.Debug|Any CPU.Build.0 = Debug|Any CPU
		{271C19E5-C039-4222-997A-1CD0E8A7D70A}.Release|Any CPU.ActiveCfg = Release|Any CPU
		{271C19E5-C039-4222-997A-1CD0E8A7D70A}.Release|Any CPU.Build.0 = Release|Any CPU
		{EFE5E112-87CC-45B1-99F9-ED206023DCD4}.Debug|Any CPU.ActiveCfg = Debug|Any CPU
		{EFE5E112-87CC-45B1-99F9-ED206023DCD4}.Debug|Any CPU.Build.0 = Debug|Any CPU
		{EFE5E112-87CC-45B1-99F9-ED206023DCD4}.Release|Any CPU.ActiveCfg = Release|Any CPU
		{EFE5E112-87CC-45B1-99F9-ED206023DCD4}.Release|Any CPU.Build.0 = Release|Any CPU
		{106ED13D-98BF-4B31-B91E-5938A33763DF}.Debug|Any CPU.ActiveCfg = Debug|Any CPU
		{106ED13D-98BF-4B31-B91E-5938A33763DF}.Debug|Any CPU.Build.0 = Debug|Any CPU
		{106ED13D-98BF-4B31-B91E-5938A33763DF}.Release|Any CPU.ActiveCfg = Release|Any CPU
		{106ED13D-98BF-4B31-B91E-5938A33763DF}.Release|Any CPU.Build.0 = Release|Any CPU
		{8F3012C5-AAEA-4012-842E-6DF0DE6CEF0D}.Debug|Any CPU.ActiveCfg = Debug|Any CPU
		{8F3012C5-AAEA-4012-842E-6DF0DE6CEF0D}.Debug|Any CPU.Build.0 = Debug|Any CPU
		{8F3012C5-AAEA-4012-842E-6DF0DE6CEF0D}.Release|Any CPU.ActiveCfg = Release|Any CPU
		{8F3012C5-AAEA-4012-842E-6DF0DE6CEF0D}.Release|Any CPU.Build.0 = Release|Any CPU
		{41D0BBFB-8FB7-4654-A364-648C9BD4F3F8}.Debug|Any CPU.ActiveCfg = Debug|Any CPU
		{41D0BBFB-8FB7-4654-A364-648C9BD4F3F8}.Debug|Any CPU.Build.0 = Debug|Any CPU
		{41D0BBFB-8FB7-4654-A364-648C9BD4F3F8}.Release|Any CPU.ActiveCfg = Release|Any CPU
		{41D0BBFB-8FB7-4654-A364-648C9BD4F3F8}.Release|Any CPU.Build.0 = Release|Any CPU
		{E94BD4DF-9FC3-43F0-8435-B808A3063316}.Debug|Any CPU.ActiveCfg = Debug|Any CPU
		{E94BD4DF-9FC3-43F0-8435-B808A3063316}.Debug|Any CPU.Build.0 = Debug|Any CPU
		{E94BD4DF-9FC3-43F0-8435-B808A3063316}.Release|Any CPU.ActiveCfg = Release|Any CPU
		{E94BD4DF-9FC3-43F0-8435-B808A3063316}.Release|Any CPU.Build.0 = Release|Any CPU
		{E4F5151A-A64E-4B97-9735-7962CB574F5F}.Debug|Any CPU.ActiveCfg = Debug|Any CPU
		{E4F5151A-A64E-4B97-9735-7962CB574F5F}.Debug|Any CPU.Build.0 = Debug|Any CPU
		{E4F5151A-A64E-4B97-9735-7962CB574F5F}.Release|Any CPU.ActiveCfg = Release|Any CPU
		{E4F5151A-A64E-4B97-9735-7962CB574F5F}.Release|Any CPU.Build.0 = Release|Any CPU
		{A5F59C95-C197-4ABC-B1C3-F4DC4EFBB458}.Debug|Any CPU.ActiveCfg = Debug|Any CPU
		{A5F59C95-C197-4ABC-B1C3-F4DC4EFBB458}.Debug|Any CPU.Build.0 = Debug|Any CPU
		{A5F59C95-C197-4ABC-B1C3-F4DC4EFBB458}.Release|Any CPU.ActiveCfg = Release|Any CPU
		{A5F59C95-C197-4ABC-B1C3-F4DC4EFBB458}.Release|Any CPU.Build.0 = Release|Any CPU
		{C12ABB29-129C-4AA1-BF32-08ED2DAA671F}.Debug|Any CPU.ActiveCfg = Debug|Any CPU
		{C12ABB29-129C-4AA1-BF32-08ED2DAA671F}.Debug|Any CPU.Build.0 = Debug|Any CPU
		{C12ABB29-129C-4AA1-BF32-08ED2DAA671F}.Release|Any CPU.ActiveCfg = Release|Any CPU
		{C12ABB29-129C-4AA1-BF32-08ED2DAA671F}.Release|Any CPU.Build.0 = Release|Any CPU
	EndGlobalSection
	GlobalSection(SolutionProperties) = preSolution
		HideSolutionNode = FALSE
	EndGlobalSection
	GlobalSection(NestedProjects) = preSolution
		{028B70FB-5062-40FC-8E24-C6E6C0849227} = {67947710-CF61-4CC6-A7B7-D42B3B23B3CC}
		{329A1A00-5D19-42F0-8418-615E85CD1E73} = {67947710-CF61-4CC6-A7B7-D42B3B23B3CC}
		{442BFEDA-8264-44D8-89B1-0D1647C0E2EB} = {AB037ADE-16A4-42DE-859C-A96B3362C832}
		{C13255E0-412B-4169-AB61-B6B69646CBB1} = {AB037ADE-16A4-42DE-859C-A96B3362C832}
		{271C19E5-C039-4222-997A-1CD0E8A7D70A} = {10A2C2E0-5DCB-4376-8051-A634A47EB4BB}
		{EFE5E112-87CC-45B1-99F9-ED206023DCD4} = {10A2C2E0-5DCB-4376-8051-A634A47EB4BB}
		{106ED13D-98BF-4B31-B91E-5938A33763DF} = {757BBA12-EEE4-40FC-8999-1A6A7701C128}
		{8F3012C5-AAEA-4012-842E-6DF0DE6CEF0D} = {757BBA12-EEE4-40FC-8999-1A6A7701C128}
		{41D0BBFB-8FB7-4654-A364-648C9BD4F3F8} = {3D980413-FCCA-4CD0-A408-8F08B93E54A9}
		{E94BD4DF-9FC3-43F0-8435-B808A3063316} = {3D980413-FCCA-4CD0-A408-8F08B93E54A9}
		{E4F5151A-A64E-4B97-9735-7962CB574F5F} = {5802D68C-9FCA-4B71-8596-0E80E999FF09}
		{A5F59C95-C197-4ABC-B1C3-F4DC4EFBB458} = {5802D68C-9FCA-4B71-8596-0E80E999FF09}
		{C12ABB29-129C-4AA1-BF32-08ED2DAA671F} = {5802D68C-9FCA-4B71-8596-0E80E999FF09}
	EndGlobalSection
	GlobalSection(ExtensibilityGlobals) = postSolution
		SolutionGuid = {67E6168A-A72D-4E41-B828-6417809EB24D}
	EndGlobalSection
EndGlobal
